# This file is automatically @generated by Cargo.
# It is not intended for manual editing.
version = 4

[[package]]
name = "charlie-ast"
version = "0.1.0"

[[package]]
name = "charlie-model"
version = "0.1.0"
dependencies = [
 "charlie-ast",
]

[[package]]
name = "conformance"
version = "0.1.0"
dependencies = [
 "charlie-ast",
]
